
Microsoft Visual Studio Solution File, Format Version 12.00
# Visual Studio Version 17
VisualStudioVersion = 17.8.34511.84
MinimumVisualStudioVersion = 10.0.40219.1
Project("{FAE04EC0-301F-11D3-BF4B-00C04F79EFBC}") = "LondonStockExchange", "LondonStockExchange.API.csproj", "{A8A88223-81EF-4C88-A9A7-2EB5A9B81634}"
EndProject
Global
	GlobalSection(SolutionConfigurationPlatforms) = preSolution
		Debug|Any CPU = Debug|Any CPU
		Release|Any CPU = Release|Any CPU
	EndGlobalSection
	GlobalSection(ProjectConfigurationPlatforms) = postSolution
		{A8A88223-81EF-4C88-A9A7-2EB5A9B81634}.Debug|Any CPU.ActiveCfg = Debug|Any CPU
		{A8A88223-81EF-4C88-A9A7-2EB5A9B81634}.Debug|Any CPU.Build.0 = Debug|Any CPU
		{A8A88223-81EF-4C88-A9A7-2EB5A9B81634}.Release|Any CPU.ActiveCfg = Release|Any CPU
		{A8A88223-81EF-4C88-A9A7-2EB5A9B81634}.Release|Any CPU.Build.0 = Release|Any CPU
	EndGlobalSection
	GlobalSection(SolutionProperties) = preSolution
		HideSolutionNode = FALSE
	EndGlobalSection
	GlobalSection(ExtensibilityGlobals) = postSolution
		SolutionGuid = {EF630F1C-753F-43EB-966B-AB12F0119498}
	EndGlobalSection
EndGlobal
